PODS:
  - IQKeyboardManager (6.2.0)
  - JKCountDownButton (1.3.0)
  - SDCycleScrollView (1.75):
    - SDWebImage (>= 4.0.0)
  - SDWebImage (4.4.2):
    - SDWebImage/Core (= 4.4.2)
  - SDWebImage/Core (4.4.2)
  - STPickerView (2.4)
  - Toast (4.0.0)
  - UMCAnalytics (5.5.2):
    - UMCCommon
  - UMCCommon (1.5.3)
  - UMCCommonLog (1.0.0)
  - UMCSecurityPlugins (1.0.6)
  - UMCShare/Core (6.9.5):
    - UMCCommon
  - UMCShare/Social/ReducedWeChat (6.9.5):
    - UMCCommon
    - UMCShare/Core
  - UMCShare/Social/WeChat (6.9.5):
    - UMCCommon
    - UMCShare/Core
    - UMCShare/Social/ReducedWeChat

DEPENDENCIES:
  - IQKeyboardManager
  - JKCountDownButton
  - SDCycleScrollView
  - STPickerView
  - Toast
  - UMCAnalytics
  - UMCCommon
  - UMCCommonLog
  - UMCSecurityPlugins
  - UMCShare/Social/WeChat

SPEC REPOS:
  https://github.com/cocoapods/specs.git:
    - IQKeyboardManager
    - JKCountDownButton
    - SDCycleScrollView
    - SDWebImage
    - STPickerView
    - Toast
    - UMCAnalytics
    - UMCCommon
    - UMCCommonLog
    - UMCSecurityPlugins
    - UMCShare

SPEC CHECKSUMS:
  IQKeyboardManager: 6194101620b73af5e67900b8f89707a99de0b804
  JKCountDownButton: 3b557e75d23e7243bb63c8130e6d12d8510468dd
  SDCycleScrollView: 884b88f0266dd4708a0e1934975c69cb971707b1
  SDWebImage: 624d6e296c69b244bcede364c72ae0430ac14681
  STPickerView: d0e234f230f45bd720a6739d0ae9fbddf038958b
  Toast: 91b396c56ee72a5790816f40d3a94dd357abc196
  UMCAnalytics: 6654fd3c8201ff6da5c86a3ae29cd5c8436d3b7b
  UMCCommon: 016af43c0f769feb1ae1861d65aaf2b23b89c9c7
  UMCCommonLog: 05a2d5de21858e3d870551562cff405c1366d244
  UMCSecurityPlugins: 0831a08f3988f3cea9f1d3a7626cd9bee4fef150
  UMCShare: 552b29753f1b4da87b51d96545ed19e6263df397

PODFILE CHECKSUM: c46d74a6ee96914bf6f9c3788e23d930ebe64190

COCOAPODS: 1.5.3
